
Microsoft Visual Studio Solution File, Format Version 12.00
# Visual Studio 15
VisualStudioVersion = 15.0.26730.16
MinimumVisualStudioVersion = 10.0.40219.1
Project("{FAE04EC0-301F-11D3-BF4B-00C04F79EFBC}") = "Kata01", "Kata01\Kata01.csproj", "{AEAAF84A-BCEC-4B86-8C74-75F314C00531}"
EndProject
Global
	GlobalSection(SolutionConfigurationPlatforms) = preSolution
		Debug|Any CPU = Debug|Any CPU
		Release|Any CPU = Release|Any CPU
	EndGlobalSection
	GlobalSection(ProjectConfigurationPlatforms) = postSolution
		{AEAAF84A-BCEC-4B86-8C74-75F314C00531}.Debug|Any CPU.ActiveCfg = Debug|Any CPU
		{AEAAF84A-BCEC-4B86-8C74-75F314C00531}.Debug|Any CPU.Build.0 = Debug|Any CPU
		{AEAAF84A-BCEC-4B86-8C74-75F314C00531}.Release|Any CPU.ActiveCfg = Release|Any CPU
		{AEAAF84A-BCEC-4B86-8C74-75F314C00531}.Release|Any CPU.Build.0 = Release|Any CPU
	EndGlobalSection
	GlobalSection(SolutionProperties) = preSolution
		HideSolutionNode = FALSE
	EndGlobalSection
	GlobalSection(ExtensibilityGlobals) = postSolution
		SolutionGuid = {A44CC12F-08F2-42BE-A006-B5475E3A1865}
	EndGlobalSection
EndGlobal
